Microsoft Visual Studio Solution File, Format Version 11.00
# Visual Studio 2010
Project("{7EF540AE-087F-4311-B9DE-1294AA6F4125}") = "lantana", ".dub/lantana.visualdproj", "{E5C0B472-63EE-4B86-B14D-E6963D66A93F}"
	ProjectSection(ProjectDependencies) = postProject
		{1F4561A6-970C-4ACC-AC0B-C10325508F44} = {1F4561A6-970C-4ACC-AC0B-C10325508F44}
		{20AF2185-22F2-47D0-ABD3-01646B21E8F1} = {20AF2185-22F2-47D0-ABD3-01646B21E8F1}
		{3843D5A8-BA57-4537-B557-3EA8CEEBCC2C} = {3843D5A8-BA57-4537-B557-3EA8CEEBCC2C}
		{293D8FC9-3648-4119-BE80-1376DF00840D} = {293D8FC9-3648-4119-BE80-1376DF00840D}
	EndProjectSection
EndProject
Project("{7EF540AE-087F-4311-B9DE-1294AA6F4125}") = "derelict-ft", ".dub/derelict-ft.visualdproj", "{1F4561A6-970C-4ACC-AC0B-C10325508F44}"
EndProject
Project("{7EF540AE-087F-4311-B9DE-1294AA6F4125}") = "derelict-util", ".dub/derelict-util.visualdproj", "{293D8FC9-3648-4119-BE80-1376DF00840D}"
EndProject
Project("{7EF540AE-087F-4311-B9DE-1294AA6F4125}") = "derelict-gl3", ".dub/derelict-gl3.visualdproj", "{20AF2185-22F2-47D0-ABD3-01646B21E8F1}"
EndProject
Project("{7EF540AE-087F-4311-B9DE-1294AA6F4125}") = "derelict-sdl2", ".dub/derelict-sdl2.visualdproj", "{3843D5A8-BA57-4537-B557-3EA8CEEBCC2C}"
EndProject
Global
	GlobalSection(SolutionConfigurationPlatforms) = preSolution
		debug|x64 = debug|x64
	EndGlobalSection
	GlobalSection(ProjectConfigurationPlatforms) = postSolution
		{3843D5A8-BA57-4537-B557-3EA8CEEBCC2C}.debug|x64.ActiveCfg = debug|x64
		{3843D5A8-BA57-4537-B557-3EA8CEEBCC2C}.debug|x64.Build.0 = debug|x64
		{293D8FC9-3648-4119-BE80-1376DF00840D}.debug|x64.ActiveCfg = debug|x64
		{293D8FC9-3648-4119-BE80-1376DF00840D}.debug|x64.Build.0 = debug|x64
		{E5C0B472-63EE-4B86-B14D-E6963D66A93F}.debug|x64.ActiveCfg = debug|x64
		{E5C0B472-63EE-4B86-B14D-E6963D66A93F}.debug|x64.Build.0 = debug|x64
		{1F4561A6-970C-4ACC-AC0B-C10325508F44}.debug|x64.ActiveCfg = debug|x64
		{1F4561A6-970C-4ACC-AC0B-C10325508F44}.debug|x64.Build.0 = debug|x64
		{20AF2185-22F2-47D0-ABD3-01646B21E8F1}.debug|x64.ActiveCfg = debug|x64
		{20AF2185-22F2-47D0-ABD3-01646B21E8F1}.debug|x64.Build.0 = debug|x64
	EndGlobalSection
	GlobalSection(SolutionProperties) = preSolution
		HideSolutionNode = FALSE
	EndGlobalSection
EndGlobal
